// !$*UTF8*$!
{
	archiveVersion = 1;
	classes = {
	};
	objectVersion = 46;
	objects = {

/* Begin PBXBuildFile section */
		A0452E7E1EC581F700D1F6FC /* AppDelegate.swift in Sources */ = {isa = PBXBuildFile; fileRef = A0452E7D1EC581F700D1F6FC /* AppDelegate.swift */; };
		A0452E891EC581F700D1F6FC /* Main.storyboard in Resources */ = {isa = PBXBuildFile; fileRef = A0452E871EC581F700D1F6FC /* Main.storyboard */; };
		A0452E8B1EC581F700D1F6FC /* Assets.xcassets in Resources */ = {isa = PBXBuildFile; fileRef = A0452E8A1EC581F700D1F6FC /* Assets.xcassets */; };
		A0452E8E1EC581F700D1F6FC /* LaunchScreen.storyboard in Resources */ = {isa = PBXBuildFile; fileRef = A0452E8C1EC581F700D1F6FC /* LaunchScreen.storyboard */; };
		A0452E961EC5822300D1F6FC /* ViewController.swift in Sources */ = {isa = PBXBuildFile; fileRef = A0452E951EC5822300D1F6FC /* ViewController.swift */; };
/* End PBXBuildFile section */

/* Begin PBXFileReference section */
		A0452E7A1EC581F700D1F6FC /* Light_2048.app */ = {isa = PBXFileReference; explicitFileType = wrapper.application; includeInIndex = 0; path = Light_2048.app; sourceTree = BUILT_PRODUCTS_DIR; };
		A0452E7D1EC581F700D1F6FC /* AppDelegate.swift */ = {isa = PBXFileReference; lastKnownFileType = sourcecode.swift; path = AppDelegate.swift; sourceTree = "<group>"; };
		A0452E881EC581F700D1F6FC /* Base */ = {isa = PBXFileReference; lastKnownFileType = file.storyboard; name = Base; path = Base.lproj/Main.storyboard; sourceTree = "<group>"; };
		A0452E8A1EC581F700D1F6FC /* Assets.xcassets */ = {isa = PBXFileReference; lastKnownFileType = folder.assetcatalog; path = Assets.xcassets; sourceTree = "<group>"; };
		A0452E8D1EC581F700D1F6FC /* Base */ = {isa = PBXFileReference; lastKnownFileType = file.storyboard; name = Base; path = Base.lproj/LaunchScreen.storyboard; sourceTree = "<group>"; };
		A0452E8F1EC581F700D1F6FC /* Info.plist */ = {isa = PBXFileReference; lastKnownFileType = text.plist.xml; path = Info.plist; sourceTree = "<group>"; };
		A0452E951EC5822300D1F6FC /* ViewController.swift */ = {isa = PBXFileReference; fileEncoding = 4; lastKnownFileType = sourcecode.swift; path = ViewController.swift; sourceTree = "<group>"; };
/* End PBXFileReference section */

/* Begin PBXFrameworksBuildPhase section */
		A0452E771EC581F700D1F6FC /* Frameworks */ = {
			isa = PBXFrameworksBuildPhase;
			buildActionMask = 2147483647;
			files = (
			);
			runOnlyForDeploymentPostprocessing = 0;
		};
/* End PBXFrameworksBuildPhase section */

/* Begin PBXGroup section */
		A0452E711EC581F700D1F6FC = {
			isa = PBXGroup;
			children = (
				A0452E7C1EC581F700D1F6FC /* Light_2048 */,
				A0452E7B1EC581F700D1F6FC /* Products */,
			);
			sourceTree = "<group>";
		};
		A0452E7B1EC581F700D1F6FC /* Products */ = {
			isa = PBXGroup;
			children = (
				A0452E7A1EC581F700D1F6FC /* Light_2048.app */,
			);
			name = Products;
			sourceTree = "<group>";
		};
		A0452E7C1EC581F700D1F6FC /* Light_2048 */ = {
			isa = PBXGroup;
			children = (
				A0452E7D1EC581F700D1F6FC /* AppDelegate.swift */,
				A0452E951EC5822300D1F6FC /* ViewController.swift */,
				A0452E871EC581F700D1F6FC /* Main.storyboard */,
				A0452E8A1EC581F700D1F6FC /* Assets.xcassets */,
				A0452E8C1EC581F700D1F6FC /* LaunchScreen.storyboard */,
				A0452E8F1EC581F700D1F6FC /* Info.plist */,
			);
			path = Light_2048;
			sourceTree = "<group>";
		};
/* End PBXGroup section */

/* Begin PBXNativeTarget section */
		A0452E791EC581F700D1F6FC /* Light_2048 */ = {
			isa = PBXNativeTarget;
			buildConfigurationList = A0452E921EC581F700D1F6FC /* Build configuration list for PBXNativeTarget "Light_2048" */;
			buildPhases = (
				A0452E761EC581F700D1F6FC /* Sources */,
				A0452E771EC581F700D1F6FC /* Frameworks */,
				A0452E781EC581F700D1F6FC /* Resources */,
			);
			buildRules = (
			);
			dependencies = (
			);
			name = Light_2048;
			productName = Light_2048;
			productReference = A0452E7A1EC581F700D1F6FC /* Light_2048.app */;
			productType = "com.apple.product-type.application";
		};
/* End PBXNativeTarget section */

/* Begin PBXProject section */
		A0452E721EC581F700D1F6FC /* Project object */ = {
			isa = PBXProject;
			attributes = {
				LastSwiftUpdateCheck = 0830;
				LastUpgradeCheck = 0830;
				ORGANIZATIONNAME = light;
				TargetAttributes = {
					A0452E791EC581F700D1F6FC = {
						CreatedOnToolsVersion = 8.3;
						DevelopmentTeam = 52C9756LP2;
						ProvisioningStyle = Automatic;
					};
				};
			};
			buildConfigurationList = A0452E751EC581F700D1F6FC /* Build configuration list for PBXProject "Light_2048" */;
			compatibilityVersion = "Xcode 3.2";
			developmentRegion = English;
			hasScannedForEncodings = 0;
			knownRegions = (
				en,
				Base,
			);
			mainGroup = A0452E711EC581F700D1F6FC;
			productRefGroup = A0452E7B1EC581F700D1F6FC /* Products */;
			projectDirPath = "";
			projectRoot = "";
			targets = (
				A0452E791EC581F700D1F6FC /* Light_2048 */,
			);
		};
/* End PBXProject section */

/* Begin PBXResourcesBuildPhase section */
		A0452E781EC581F700D1F6FC /* Resources */ = {
			isa = PBXResourcesBuildPhase;
			buildActionMask = 2147483647;
			files = (
				A0452E891EC581F700D1F6FC /* Main.storyboard in Resources */,
				A0452E8B1EC581F700D1F6FC /* Assets.xcassets in Resources */,
				A0452E8E1EC581F700D1F6FC /* LaunchScreen.storyboard in Resources */,
			);
			runOnlyForDeploymentPostprocessing = 0;
		};
/* End PBXResourcesBuildPhase section */

/* Begin PBXSourcesBuildPhase section */
		A0452E761EC581F700D1F6FC /* Sources */ = {
			isa = PBXSourcesBuildPhase;
			buildActionMask = 2147483647;
			files = (
				A0452E961EC5822300D1F6FC /* ViewController.swift in Sources */,
				A0452E7E1EC581F700D1F6FC /* AppDelegate.swift in Sources */,
			);
			runOnlyForDeploymentPostprocessing = 0;
		};
/* End PBXSourcesBuildPhase section */

/* Begin PBXVariantGroup section */
		A0452E871EC581F700D1F6FC /* Main.storyboard */ = {
			isa = PBXVariantGroup;
			children = (
				A0452E881EC581F700D1F6FC /* Base */,
			);
			name = Main.storyboard;
			sourceTree = "<group>";
		};
		A0452E8C1EC581F700D1F6FC /* LaunchScreen.storyboard */ = {
			isa = PBXVariantGroup;
			children = (
				A0452E8D1EC581F700D1F6FC /* Base */,
			);
			name = LaunchScreen.storyboard;
			sourceTree = "<group>";
		};
/* End PBXVariantGroup section */

/* Begin XCBuildConfiguration section */
		A0452E901EC581F700D1F6FC /* Debug */ = {
			isa = XCBuildConfiguration;
			buildSettings = {
				ALWAYS_SEARCH_USER_PATHS = NO;
				CLANG_ANALYZER_NONNULL = YES;
				CLANG_ANALYZER_NUMBER_OBJECT_CONVERSION = YES_AGGRESSIVE;
				CLANG_CXX_LANGUAGE_STANDARD = "gnu++0x";
				CLANG_CXX_LIBRARY = "libc++";
				CLANG_ENABLE_MODULES = YES;
				CLANG_ENABLE_OBJC_ARC = YES;
				CLANG_WARN_BOOL_CONVERSION = YES;
				CLANG_WARN_CONSTANT_CONVERSION = YES;
				CLANG_WARN_DIRECT_OBJC_ISA_USAGE = YES_ERROR;
				CLANG_WARN_DOCUMENTATION_COMMENTS = YES;
				CLANG_WARN_EMPTY_BODY = YES;
				CLANG_WARN_ENUM_CONVERSION = YES;
				CLANG_WARN_INFINITE_RECURSION = YES;
				CLANG_WARN_INT_CONVERSION = YES;
				CLANG_WARN_OBJC_ROOT_CLASS = YES_ERROR;
				CLANG_WARN_SUSPICIOUS_MOVE = YES;
				CLANG_WARN_UNREACHABLE_CODE = YES;
				CLANG_WARN__DUPLICATE_METHOD_MATCH = YES;
				"CODE_SIGN_IDENTITY[sdk=iphoneos*]" = "iPhone Developer";
				COPY_PHASE_STRIP = NO;
				DEBUG_INFORMATION_FORMAT = dwarf;
				ENABLE_STRICT_OBJC_MSGSEND = YES;
				ENABLE_TESTABILITY = YES;
				GCC_C_LANGUAGE_STANDARD = gnu99;
				GCC_DYNAMIC_NO_PIC = NO;
				GCC_NO_COMMON_BLOCKS = YES;
				GCC_OPTIMIZATION_LEVEL = 0;
				GCC_PREPROCESSOR_DEFINITIONS = (
					"DEBUG=1",
					"$(inherited)",
				);
				GCC_WARN_64_TO_32_BIT_CONVERSION = YES;
				GCC_WARN_ABOUT_RETURN_TYPE = YES_ERROR;
				GCC_WARN_UNDECLARED_SELECTOR = YES;
				GCC_WARN_UNINITIALIZED_AUTOS = YES_AGGRESSIVE;
				GCC_WARN_UNUSED_FUNCTION = YES;
				GCC_WARN_UNUSED_VARIABLE = YES;
				IPHONEOS_DEPLOYMENT_TARGET = 10.3;
				MTL_ENABLE_DEBUG_INFO = YES;
				ONLY_ACTIVE_ARCH = YES;
				SDKROOT = iphoneos;
				SWIFT_ACTIVE_COMPILATION_CONDITIONS = DEBUG;
				SWIFT_OPTIMIZATION_LEVEL = "-Onone";
				TARGETED_DEVICE_FAMILY = "1,2";
			};
			name = Debug;
		};
		A0452E911EC581F700D1F6FC /* Release */ = {
			isa = XCBuildConfiguration;
			buildSettings = {
				ALWAYS_SEARCH_USER_PATHS = NO;
				CLANG_ANALYZER_NONNULL = YES;
				CLANG_ANALYZER_NUMBER_OBJECT_CONVERSION = YES_AGGRESSIVE;
				CLANG_CXX_LANGUAGE_STANDARD = "gnu++0x";
				CLANG_CXX_LIBRARY = "libc++";
				CLANG_ENABLE_MODULES = YES;
				CLANG_ENABLE_OBJC_ARC = YES;
				CLANG_WARN_BOOL_CONVERSION = YES;
				CLANG_WARN_CONSTANT_CONVERSION = YES;
				CLANG_WARN_DIRECT_OBJC_ISA_USAGE = YES_ERROR;
				CLANG_WARN_DOCUMENTATION_COMMENTS = YES;
				CLANG_WARN_EMPTY_BODY = YES;
				CLANG_WARN_ENUM_CONVERSION = YES;
				CLANG_WARN_INFINITE_RECURSION = YES;
				CLANG_WARN_INT_CONVERSION = YES;
				CLANG_WARN_OBJC_ROOT_CLASS = YES_ERROR;
				CLANG_WARN_SUSPICIOUS_MOVE = YES;
				CLANG_WARN_UNREACHABLE_CODE = YES;
				CLANG_WARN__DUPLICATE_METHOD_MATCH = YES;
				"CODE_SIGN_IDENTITY[sdk=iphoneos*]" = "iPhone Developer";
				COPY_PHASE_STRIP = NO;
				DEBUG_INFORMATION_FORMAT = "dwarf-with-dsym";
				ENABLE_NS_ASSERTIONS = NO;
				ENABLE_STRICT_OBJC_MSGSEND = YES;
				GCC_C_LANGUAGE_STANDARD = gnu99;
				GCC_NO_COMMON_BLOCKS = YES;
				GCC_WARN_64_TO_32_BIT_CONVERSION = YES;
				GCC_WARN_ABOUT_RETURN_TYPE = YES_ERROR;
				GCC_WARN_UNDECLARED_SELECTOR = YES;
				GCC_WARN_UNINITIALIZED_AUTOS = YES_AGGRESSIVE;
				GCC_WARN_UNUSED_FUNCTION = YES;
				GCC_WARN_UNUSED_VARIABLE = YES;
				IPHONEOS_DEPLOYMENT_TARGET = 10.3;
				MTL_ENABLE_DEBUG_INFO = NO;
				SDKROOT = iphoneos;
				SWIFT_OPTIMIZATION_LEVEL = "-Owholemodule";
				TARGETED_DEVICE_FAMILY = "1,2";
				VALIDATE_PRODUCT = YES;
			};
			name = Release;
		};
		A0452E931EC581F700D1F6FC /* Debug */ = {
			isa = XCBuildConfiguration;
			buildSettings = {
				ASSETCATALOG_COMPILER_APPICON_NAME = AppIcon;
				DEVELOPMENT_TEAM = 52C9756LP2;
				INFOPLIST_FILE = Light_2048/Info.plist;
				LD_RUNPATH_SEARCH_PATHS = "$(inherited) @executable_path/Frameworks";
				PRODUCT_BUNDLE_IDENTIFIER = "light.Light-2048";
				PRODUCT_NAME = "$(TARGET_NAME)";
				SWIFT_VERSION = 3.0;
			};
			name = Debug;
		};
		A0452E941EC581F700D1F6FC /* Release */ = {
			isa = XCBuildConfiguration;
			buildSettings = {
				ASSETCATALOG_COMPILER_APPICON_NAME = AppIcon;
				DEVELOPMENT_TEAM = 52C9756LP2;
				INFOPLIST_FILE = Light_2048/Info.plist;
				LD_RUNPATH_SEARCH_PATHS = "$(inherited) @executable_path/Frameworks";
				PRODUCT_BUNDLE_IDENTIFIER = "light.Light-2048";
				PRODUCT_NAME = "$(TARGET_NAME)";
				SWIFT_VERSION = 3.0;
			};
			name = Release;
		};
/* End XCBuildConfiguration section */

/* Begin XCConfigurationList section */
		A0452E751EC581F700D1F6FC /* Build configuration list for PBXProject "Light_2048" */ = {
			isa = XCConfigurationList;
			buildConfigurations = (
				A0452E901EC581F700D1F6FC /* Debug */,
				A0452E911EC581F700D1F6FC /* Release */,
			);
			defaultConfigurationIsVisible = 0;
			defaultConfigurationName = Release;
		};
		A0452E921EC581F700D1F6FC /* Build configuration list for PBXNativeTarget "Light_2048" */ = {
			isa = XCConfigurationList;
			buildConfigurations = (
				A0452E931EC581F700D1F6FC /* Debug */,
				A0452E941EC581F700D1F6FC /* Release */,
			);
			defaultConfigurationIsVisible = 0;
		};
/* End XCConfigurationList section */
	};
	rootObject = A0452E721EC581F700D1F6FC /* Project object */;
}
